
Microsoft Visual Studio Solution File, Format Version 12.00
# Visual Studio 14
VisualStudioVersion = 14.0.25420.1
MinimumVisualStudioVersion = 10.0.40219.1
Project("{8BC9CEB8-8B4A-11D0-8D11-00A0C91BC942}") = "Singleton", "Singleton\Singleton.vcxproj", "{5728A25B-D6F6-4DD1-9D7A-E8AD934540A7}"
EndProject
Project("{8BC9CEB8-8B4A-11D0-8D11-00A0C91BC942}") = "SimpleFactory", "SimpleFactory\SimpleFactory.vcxproj", "{1FA7250B-054B-4124-9DE7-5FC3E197FDA9}"
EndProject
Project("{8BC9CEB8-8B4A-11D0-8D11-00A0C91BC942}") = "FactoryMethod", "FactoryMethod\FactoryMethod.vcxproj", "{CE645596-5F69-43C4-A0BB-C810E4195174}"
EndProject
Project("{8BC9CEB8-8B4A-11D0-8D11-00A0C91BC942}") = "AbstractFactory", "AbstractFactory\AbstractFactory.vcxproj", "{C9000046-4D4A-4D0A-AC07-B97DDF1717C5}"
EndProject
Project("{8BC9CEB8-8B4A-11D0-8D11-00A0C91BC942}") = "Builder", "Builder\Builder.vcxproj", "{CF2F58F1-E9F1-4C04-B474-1C9D6B67EDC6}"
EndProject
Project("{8BC9CEB8-8B4A-11D0-8D11-00A0C91BC942}") = "Prototype", "Prototype\Prototype.vcxproj", "{6C2D7649-2C20-4881-92C9-1CC4702CE802}"
EndProject
Project("{8BC9CEB8-8B4A-11D0-8D11-00A0C91BC942}") = "Adapter", "Adapter\Adapter.vcxproj", "{8F88625D-D5D9-4773-8280-E5EDA97C3896}"
EndProject
Project("{8BC9CEB8-8B4A-11D0-8D11-00A0C91BC942}") = "Bridge", "Bridge\Bridge.vcxproj", "{6E6DF257-9D0B-4077-AA2E-BCAF26D88344}"
EndProject
Project("{8BC9CEB8-8B4A-11D0-8D11-00A0C91BC942}") = "Composite", "Composite\Composite.vcxproj", "{63108FFC-D0B2-407C-8BDC-BC838AA2304D}"
EndProject
Project("{8BC9CEB8-8B4A-11D0-8D11-00A0C91BC942}") = "Decorator", "Decorator\Decorator.vcxproj", "{A45C06E4-C3C7-49F0-A4F5-06CF0CB82959}"
EndProject
Project("{8BC9CEB8-8B4A-11D0-8D11-00A0C91BC942}") = "Facade", "Facade\Facade.vcxproj", "{C0CC8CE4-D79C-4EA0-A7F0-4D1FC09D2910}"
EndProject
Project("{8BC9CEB8-8B4A-11D0-8D11-00A0C91BC942}") = "Flyweight", "Flyweight\Flyweight.vcxproj", "{E39654B8-F58A-4FD3-908F-CE43D4959813}"
EndProject
Project("{8BC9CEB8-8B4A-11D0-8D11-00A0C91BC942}") = "Proxy", "Proxy\Proxy.vcxproj", "{DAD6EEF6-A18E-477B-9603-CBE79B9B6733}"
EndProject
Project("{2150E333-8FDC-42A3-9474-1A3956D46DE8}") = "Creational Design Patterns", "Creational Design Patterns", "{141FC3EA-6F7A-4059-8E11-2DA062CF7344}"
EndProject
Project("{2150E333-8FDC-42A3-9474-1A3956D46DE8}") = "Structural Design Patterns", "Structural Design Patterns", "{BA0D2359-F5F5-4431-9399-EC73DAAD74A3}"
EndProject
Project("{2150E333-8FDC-42A3-9474-1A3956D46DE8}") = "Behavioral Design Patterns", "Behavioral Design Patterns", "{1FEB3ACC-505F-4A6F-AC1D-93A6AC2C381C}"
EndProject
Project("{8BC9CEB8-8B4A-11D0-8D11-00A0C91BC942}") = "Chain_of_Responsibility", "Chain_of_Responsibility\Chain_of_Responsibility.vcxproj", "{23035D80-9320-430D-94E4-5FB52CF01F7E}"
EndProject
Global
	GlobalSection(SolutionConfigurationPlatforms) = preSolution
		Debug|x64 = Debug|x64
		Debug|x86 = Debug|x86
		Release|x64 = Release|x64
		Release|x86 = Release|x86
	EndGlobalSection
	GlobalSection(ProjectConfigurationPlatforms) = postSolution
		{5728A25B-D6F6-4DD1-9D7A-E8AD934540A7}.Debug|x64.ActiveCfg = Debug|x64
		{5728A25B-D6F6-4DD1-9D7A-E8AD934540A7}.Debug|x64.Build.0 = Debug|x64
		{5728A25B-D6F6-4DD1-9D7A-E8AD934540A7}.Debug|x86.ActiveCfg = Debug|Win32
		{5728A25B-D6F6-4DD1-9D7A-E8AD934540A7}.Debug|x86.Build.0 = Debug|Win32
		{5728A25B-D6F6-4DD1-9D7A-E8AD934540A7}.Release|x64.ActiveCfg = Release|x64
		{5728A25B-D6F6-4DD1-9D7A-E8AD934540A7}.Release|x64.Build.0 = Release|x64
		{5728A25B-D6F6-4DD1-9D7A-E8AD934540A7}.Release|x86.ActiveCfg = Release|Win32
		{5728A25B-D6F6-4DD1-9D7A-E8AD934540A7}.Release|x86.Build.0 = Release|Win32
		{1FA7250B-054B-4124-9DE7-5FC3E197FDA9}.Debug|x64.ActiveCfg = Debug|x64
		{1FA7250B-054B-4124-9DE7-5FC3E197FDA9}.Debug|x64.Build.0 = Debug|x64
		{1FA7250B-054B-4124-9DE7-5FC3E197FDA9}.Debug|x86.ActiveCfg = Debug|Win32
		{1FA7250B-054B-4124-9DE7-5FC3E197FDA9}.Debug|x86.Build.0 = Debug|Win32
		{1FA7250B-054B-4124-9DE7-5FC3E197FDA9}.Release|x64.ActiveCfg = Release|x64
		{1FA7250B-054B-4124-9DE7-5FC3E197FDA9}.Release|x64.Build.0 = Release|x64
		{1FA7250B-054B-4124-9DE7-5FC3E197FDA9}.Release|x86.ActiveCfg = Release|Win32
		{1FA7250B-054B-4124-9DE7-5FC3E197FDA9}.Release|x86.Build.0 = Release|Win32
		{CE645596-5F69-43C4-A0BB-C810E4195174}.Debug|x64.ActiveCfg = Debug|x64
		{CE645596-5F69-43C4-A0BB-C810E4195174}.Debug|x64.Build.0 = Debug|x64
		{CE645596-5F69-43C4-A0BB-C810E4195174}.Debug|x86.ActiveCfg = Debug|Win32
		{CE645596-5F69-43C4-A0BB-C810E4195174}.Debug|x86.Build.0 = Debug|Win32
		{CE645596-5F69-43C4-A0BB-C810E4195174}.Release|x64.ActiveCfg = Release|x64
		{CE645596-5F69-43C4-A0BB-C810E4195174}.Release|x64.Build.0 = Release|x64
		{CE645596-5F69-43C4-A0BB-C810E4195174}.Release|x86.ActiveCfg = Release|Win32
		{CE645596-5F69-43C4-A0BB-C810E4195174}.Release|x86.Build.0 = Release|Win32
		{C9000046-4D4A-4D0A-AC07-B97DDF1717C5}.Debug|x64.ActiveCfg = Debug|x64
		{C9000046-4D4A-4D0A-AC07-B97DDF1717C5}.Debug|x64.Build.0 = Debug|x64
		{C9000046-4D4A-4D0A-AC07-B97DDF1717C5}.Debug|x86.ActiveCfg = Debug|Win32
		{C9000046-4D4A-4D0A-AC07-B97DDF1717C5}.Debug|x86.Build.0 = Debug|Win32
		{C9000046-4D4A-4D0A-AC07-B97DDF1717C5}.Release|x64.ActiveCfg = Release|x64
		{C9000046-4D4A-4D0A-AC07-B97DDF1717C5}.Release|x64.Build.0 = Release|x64
		{C9000046-4D4A-4D0A-AC07-B97DDF1717C5}.Release|x86.ActiveCfg = Release|Win32
		{C9000046-4D4A-4D0A-AC07-B97DDF1717C5}.Release|x86.Build.0 = Release|Win32
		{CF2F58F1-E9F1-4C04-B474-1C9D6B67EDC6}.Debug|x64.ActiveCfg = Debug|x64
		{CF2F58F1-E9F1-4C04-B474-1C9D6B67EDC6}.Debug|x64.Build.0 = Debug|x64
		{CF2F58F1-E9F1-4C04-B474-1C9D6B67EDC6}.Debug|x86.ActiveCfg = Debug|Win32
		{CF2F58F1-E9F1-4C04-B474-1C9D6B67EDC6}.Debug|x86.Build.0 = Debug|Win32
		{CF2F58F1-E9F1-4C04-B474-1C9D6B67EDC6}.Release|x64.ActiveCfg = Release|x64
		{CF2F58F1-E9F1-4C04-B474-1C9D6B67EDC6}.Release|x64.Build.0 = Release|x64
		{CF2F58F1-E9F1-4C04-B474-1C9D6B67EDC6}.Release|x86.ActiveCfg = Release|Win32
		{CF2F58F1-E9F1-4C04-B474-1C9D6B67EDC6}.Release|x86.Build.0 = Release|Win32
		{6C2D7649-2C20-4881-92C9-1CC4702CE802}.Debug|x64.ActiveCfg = Debug|x64
		{6C2D7649-2C20-4881-92C9-1CC4702CE802}.Debug|x64.Build.0 = Debug|x64
		{6C2D7649-2C20-4881-92C9-1CC4702CE802}.Debug|x86.ActiveCfg = Debug|Win32
		{6C2D7649-2C20-4881-92C9-1CC4702CE802}.Debug|x86.Build.0 = Debug|Win32
		{6C2D7649-2C20-4881-92C9-1CC4702CE802}.Release|x64.ActiveCfg = Release|x64
		{6C2D7649-2C20-4881-92C9-1CC4702CE802}.Release|x64.Build.0 = Release|x64
		{6C2D7649-2C20-4881-92C9-1CC4702CE802}.Release|x86.ActiveCfg = Release|Win32
		{6C2D7649-2C20-4881-92C9-1CC4702CE802}.Release|x86.Build.0 = Release|Win32
		{8F88625D-D5D9-4773-8280-E5EDA97C3896}.Debug|x64.ActiveCfg = Debug|x64
		{8F88625D-D5D9-4773-8280-E5EDA97C3896}.Debug|x64.Build.0 = Debug|x64
		{8F88625D-D5D9-4773-8280-E5EDA97C3896}.Debug|x86.ActiveCfg = Debug|Win32
		{8F88625D-D5D9-4773-8280-E5EDA97C3896}.Debug|x86.Build.0 = Debug|Win32
		{8F88625D-D5D9-4773-8280-E5EDA97C3896}.Release|x64.ActiveCfg = Release|x64
		{8F88625D-D5D9-4773-8280-E5EDA97C3896}.Release|x64.Build.0 = Release|x64
		{8F88625D-D5D9-4773-8280-E5EDA97C3896}.Release|x86.ActiveCfg = Release|Win32
		{8F88625D-D5D9-4773-8280-E5EDA97C3896}.Release|x86.Build.0 = Release|Win32
		{6E6DF257-9D0B-4077-AA2E-BCAF26D88344}.Debug|x64.ActiveCfg = Debug|x64
		{6E6DF257-9D0B-4077-AA2E-BCAF26D88344}.Debug|x64.Build.0 = Debug|x64
		{6E6DF257-9D0B-4077-AA2E-BCAF26D88344}.Debug|x86.ActiveCfg = Debug|Win32
		{6E6DF257-9D0B-4077-AA2E-BCAF26D88344}.Debug|x86.Build.0 = Debug|Win32
		{6E6DF257-9D0B-4077-AA2E-BCAF26D88344}.Release|x64.ActiveCfg = Release|x64
		{6E6DF257-9D0B-4077-AA2E-BCAF26D88344}.Release|x64.Build.0 = Release|x64
		{6E6DF257-9D0B-4077-AA2E-BCAF26D88344}.Release|x86.ActiveCfg = Release|Win32
		{6E6DF257-9D0B-4077-AA2E-BCAF26D88344}.Release|x86.Build.0 = Release|Win32
		{63108FFC-D0B2-407C-8BDC-BC838AA2304D}.Debug|x64.ActiveCfg = Debug|x64
		{63108FFC-D0B2-407C-8BDC-BC838AA2304D}.Debug|x64.Build.0 = Debug|x64
		{63108FFC-D0B2-407C-8BDC-BC838AA2304D}.Debug|x86.ActiveCfg = Debug|Win32
		{63108FFC-D0B2-407C-8BDC-BC838AA2304D}.Debug|x86.Build.0 = Debug|Win32
		{63108FFC-D0B2-407C-8BDC-BC838AA2304D}.Release|x64.ActiveCfg = Release|x64
		{63108FFC-D0B2-407C-8BDC-BC838AA2304D}.Release|x64.Build.0 = Release|x64
		{63108FFC-D0B2-407C-8BDC-BC838AA2304D}.Release|x86.ActiveCfg = Release|Win32
		{63108FFC-D0B2-407C-8BDC-BC838AA2304D}.Release|x86.Build.0 = Release|Win32
		{A45C06E4-C3C7-49F0-A4F5-06CF0CB82959}.Debug|x64.ActiveCfg = Debug|x64
		{A45C06E4-C3C7-49F0-A4F5-06CF0CB82959}.Debug|x64.Build.0 = Debug|x64
		{A45C06E4-C3C7-49F0-A4F5-06CF0CB82959}.Debug|x86.ActiveCfg = Debug|Win32
		{A45C06E4-C3C7-49F0-A4F5-06CF0CB82959}.Debug|x86.Build.0 = Debug|Win32
		{A45C06E4-C3C7-49F0-A4F5-06CF0CB82959}.Release|x64.ActiveCfg = Release|x64
		{A45C06E4-C3C7-49F0-A4F5-06CF0CB82959}.Release|x64.Build.0 = Release|x64
		{A45C06E4-C3C7-49F0-A4F5-06CF0CB82959}.Release|x86.ActiveCfg = Release|Win32
		{A45C06E4-C3C7-49F0-A4F5-06CF0CB82959}.Release|x86.Build.0 = Release|Win32
		{C0CC8CE4-D79C-4EA0-A7F0-4D1FC09D2910}.Debug|x64.ActiveCfg = Debug|x64
		{C0CC8CE4-D79C-4EA0-A7F0-4D1FC09D2910}.Debug|x64.Build.0 = Debug|x64
		{C0CC8CE4-D79C-4EA0-A7F0-4D1FC09D2910}.Debug|x86.ActiveCfg = Debug|Win32
		{C0CC8CE4-D79C-4EA0-A7F0-4D1FC09D2910}.Debug|x86.Build.0 = Debug|Win32
		{C0CC8CE4-D79C-4EA0-A7F0-4D1FC09D2910}.Release|x64.ActiveCfg = Release|x64
		{C0CC8CE4-D79C-4EA0-A7F0-4D1FC09D2910}.Release|x64.Build.0 = Release|x64
		{C0CC8CE4-D79C-4EA0-A7F0-4D1FC09D2910}.Release|x86.ActiveCfg = Release|Win32
		{C0CC8CE4-D79C-4EA0-A7F0-4D1FC09D2910}.Release|x86.Build.0 = Release|Win32
		{E39654B8-F58A-4FD3-908F-CE43D4959813}.Debug|x64.ActiveCfg = Debug|x64
		{E39654B8-F58A-4FD3-908F-CE43D4959813}.Debug|x64.Build.0 = Debug|x64
		{E39654B8-F58A-4FD3-908F-CE43D4959813}.Debug|x86.ActiveCfg = Debug|Win32
		{E39654B8-F58A-4FD3-908F-CE43D4959813}.Debug|x86.Build.0 = Debug|Win32
		{E39654B8-F58A-4FD3-908F-CE43D4959813}.Release|x64.ActiveCfg = Release|x64
		{E39654B8-F58A-4FD3-908F-CE43D4959813}.Release|x64.Build.0 = Release|x64
		{E39654B8-F58A-4FD3-908F-CE43D4959813}.Release|x86.ActiveCfg = Release|Win32
		{E39654B8-F58A-4FD3-908F-CE43D4959813}.Release|x86.Build.0 = Release|Win32
		{DAD6EEF6-A18E-477B-9603-CBE79B9B6733}.Debug|x64.ActiveCfg = Debug|x64
		{DAD6EEF6-A18E-477B-9603-CBE79B9B6733}.Debug|x64.Build.0 = Debug|x64
		{DAD6EEF6-A18E-477B-9603-CBE79B9B6733}.Debug|x86.ActiveCfg = Debug|Win32
		{DAD6EEF6-A18E-477B-9603-CBE79B9B6733}.Debug|x86.Build.0 = Debug|Win32
		{DAD6EEF6-A18E-477B-9603-CBE79B9B6733}.Release|x64.ActiveCfg = Release|x64
		{DAD6EEF6-A18E-477B-9603-CBE79B9B6733}.Release|x64.Build.0 = Release|x64
		{DAD6EEF6-A18E-477B-9603-CBE79B9B6733}.Release|x86.ActiveCfg = Release|Win32
		{DAD6EEF6-A18E-477B-9603-CBE79B9B6733}.Release|x86.Build.0 = Release|Win32
		{23035D80-9320-430D-94E4-5FB52CF01F7E}.Debug|x64.ActiveCfg = Debug|x64
		{23035D80-9320-430D-94E4-5FB52CF01F7E}.Debug|x64.Build.0 = Debug|x64
		{23035D80-9320-430D-94E4-5FB52CF01F7E}.Debug|x86.ActiveCfg = Debug|Win32
		{23035D80-9320-430D-94E4-5FB52CF01F7E}.Debug|x86.Build.0 = Debug|Win32
		{23035D80-9320-430D-94E4-5FB52CF01F7E}.Release|x64.ActiveCfg = Release|x64
		{23035D80-9320-430D-94E4-5FB52CF01F7E}.Release|x64.Build.0 = Release|x64
		{23035D80-9320-430D-94E4-5FB52CF01F7E}.Release|x86.ActiveCfg = Release|Win32
		{23035D80-9320-430D-94E4-5FB52CF01F7E}.Release|x86.Build.0 = Release|Win32
	EndGlobalSection
	GlobalSection(SolutionProperties) = preSolution
		HideSolutionNode = FALSE
	EndGlobalSection
	GlobalSection(NestedProjects) = preSolution
		{5728A25B-D6F6-4DD1-9D7A-E8AD934540A7} = {141FC3EA-6F7A-4059-8E11-2DA062CF7344}
		{1FA7250B-054B-4124-9DE7-5FC3E197FDA9} = {141FC3EA-6F7A-4059-8E11-2DA062CF7344}
		{CE645596-5F69-43C4-A0BB-C810E4195174} = {141FC3EA-6F7A-4059-8E11-2DA062CF7344}
		{C9000046-4D4A-4D0A-AC07-B97DDF1717C5} = {141FC3EA-6F7A-4059-8E11-2DA062CF7344}
		{CF2F58F1-E9F1-4C04-B474-1C9D6B67EDC6} = {141FC3EA-6F7A-4059-8E11-2DA062CF7344}
		{6C2D7649-2C20-4881-92C9-1CC4702CE802} = {141FC3EA-6F7A-4059-8E11-2DA062CF7344}
		{8F88625D-D5D9-4773-8280-E5EDA97C3896} = {BA0D2359-F5F5-4431-9399-EC73DAAD74A3}
		{6E6DF257-9D0B-4077-AA2E-BCAF26D88344} = {BA0D2359-F5F5-4431-9399-EC73DAAD74A3}
		{63108FFC-D0B2-407C-8BDC-BC838AA2304D} = {BA0D2359-F5F5-4431-9399-EC73DAAD74A3}
		{A45C06E4-C3C7-49F0-A4F5-06CF0CB82959} = {BA0D2359-F5F5-4431-9399-EC73DAAD74A3}
		{C0CC8CE4-D79C-4EA0-A7F0-4D1FC09D2910} = {BA0D2359-F5F5-4431-9399-EC73DAAD74A3}
		{E39654B8-F58A-4FD3-908F-CE43D4959813} = {BA0D2359-F5F5-4431-9399-EC73DAAD74A3}
		{DAD6EEF6-A18E-477B-9603-CBE79B9B6733} = {BA0D2359-F5F5-4431-9399-EC73DAAD74A3}
	EndGlobalSection
EndGlobal
